
Microsoft Visual Studio Solution File, Format Version 12.00
# Visual Studio 15
Project("{FAE04EC0-301F-11D3-BF4B-00C04F79EFBC}") = "iot-sdk-demo", "iot-sdk-demo.csproj", "{632479F7-57BA-4B69-B509-CF22246C01F0}"
EndProject
Global
	GlobalSection(SolutionConfigurationPlatforms) = preSolution
		Debug|Any CPU = Debug|Any CPU
		Release|Any CPU = Release|Any CPU
	EndGlobalSection
	GlobalSection(ProjectConfigurationPlatforms) = postSolution
		{632479F7-57BA-4B69-B509-CF22246C01F0}.Debug|Any CPU.ActiveCfg = Debug|Any CPU
		{632479F7-57BA-4B69-B509-CF22246C01F0}.Debug|Any CPU.Build.0 = Debug|Any CPU
		{632479F7-57BA-4B69-B509-CF22246C01F0}.Release|Any CPU.ActiveCfg = Release|Any CPU
		{632479F7-57BA-4B69-B509-CF22246C01F0}.Release|Any CPU.Build.0 = Release|Any CPU
	EndGlobalSection
EndGlobal
